
Microsoft Visual Studio Solution File, Format Version 12.00
# Visual Studio Version 16
VisualStudioVersion = 16.0.31624.102
MinimumVisualStudioVersion = 10.0.40219.1
Project("{9A19103F-16F7-4668-BE54-9A1E7A4F7556}") = "KantoorInrichtingWPF", "KantoorInrichtingWPF\KantoorInrichtingWPF.csproj", "{3CA4835A-A356-4C4F-9C0D-A9CFDA9A2284}"
EndProject
Global
	GlobalSection(SolutionConfigurationPlatforms) = preSolution
		Debug|Any CPU = Debug|Any CPU
		Release|Any CPU = Release|Any CPU
	EndGlobalSection
	GlobalSection(ProjectConfigurationPlatforms) = postSolution
		{3CA4835A-A356-4C4F-9C0D-A9CFDA9A2284}.Debug|Any CPU.ActiveCfg = Debug|Any CPU
		{3CA4835A-A356-4C4F-9C0D-A9CFDA9A2284}.Debug|Any CPU.Build.0 = Debug|Any CPU
		{3CA4835A-A356-4C4F-9C0D-A9CFDA9A2284}.Release|Any CPU.ActiveCfg = Release|Any CPU
		{3CA4835A-A356-4C4F-9C0D-A9CFDA9A2284}.Release|Any CPU.Build.0 = Release|Any CPU
	EndGlobalSection
	GlobalSection(SolutionProperties) = preSolution
		HideSolutionNode = FALSE
	EndGlobalSection
	GlobalSection(ExtensibilityGlobals) = postSolution
		SolutionGuid = {3870445C-15B9-4240-A4E8-2E137DF0207C}
	EndGlobalSection
EndGlobal
